{
	"name": "newbalanceteam",
	"version": "1.0.0",
	"lockfileVersion": 2,
	"requires": true,
	"packages": {
		"": {
			"name": "newbalanceteam",
			"version": "1.0.0",
			"license": "MIT",
			"dependencies": {
				"canvasjs": "^1.8.3",
				"featherlight": "^1.7.14",
				"slick-slider": "^1.8.2",
				"sweetalert": "^2.1.2",
				"sweetalert2": "^11.4.8",
				"tooltipster": "^4.2.8"
			}
		},
		"node_modules/canvasjs": {
			"version": "1.8.3",
			"resolved": "https://registry.npmjs.org/canvasjs/-/canvasjs-1.8.3.tgz",
			"integrity": "sha512-60eUT0VjqRgYqdIQcOkXg0Zptfbl4HefA/O51YEf1m/P0uXvE3icI/1KPrXpY9aVxn8gG/BB8DzVoTGCcyBnYg=="
		},
		"node_modules/es6-object-assign": {
			"version": "1.1.0",
			"resolved": "https://registry.npmjs.org/es6-object-assign/-/es6-object-assign-1.1.0.tgz",
			"integrity": "sha1-wsNYJlYkfDnqEHyx5mUrb58kUjw="
		},
		"node_modules/featherlight": {
			"version": "1.7.14",
			"resolved": "https://registry.npmjs.org/featherlight/-/featherlight-1.7.14.tgz",
			"integrity": "sha512-4R0Vk0pTN5IPCuMABPtXJ6hgGgoK1qwbxGB4Nf06gXovw/i+r3s/f94ksZYjsW3c2oMEAS9A8exdlNaX9YSSRQ=="
		},
		"node_modules/jquery": {
			"version": "3.6.0",
			"resolved": "https://registry.npmjs.org/jquery/-/jquery-3.6.0.tgz",
			"integrity": "sha512-JVzAR/AjBvVt2BmYhxRCSYysDsPcssdmTFnzyLEts9qNwmjmu4JTAMYubEfwVOSwpQ1I1sKKFcxhZCI2buerfw==",
			"peer": true
		},
		"node_modules/promise-polyfill": {
			"version": "6.1.0",
			"resolved": "https://registry.npmjs.org/promise-polyfill/-/promise-polyfill-6.1.0.tgz",
			"integrity": "sha1-36lpQ+qcEh/KTem1hoyznTRy4Fc="
		},
		"node_modules/slick-slider": {
			"version": "1.8.2",
			"resolved": "https://registry.npmjs.org/slick-slider/-/slick-slider-1.8.2.tgz",
			"integrity": "sha512-/NGT7QzlC1/LNu198ad+rM8xJcgSXgiptUPbY0oMmtZ/8K2G9s6mMpLo7um6FIIQ135vUjsnP2gWY5DKJe2qJw=="
		},
		"node_modules/sweetalert": {
			"version": "2.1.2",
			"resolved": "https://registry.npmjs.org/sweetalert/-/sweetalert-2.1.2.tgz",
			"integrity": "sha512-iWx7X4anRBNDa/a+AdTmvAzQtkN1+s4j/JJRWlHpYE8Qimkohs8/XnFcWeYHH2lMA8LRCa5tj2d244If3S/hzA==",
			"dependencies": {
				"es6-object-assign": "^1.1.0",
				"promise-polyfill": "^6.0.2"
			}
		},
		"node_modules/sweetalert2": {
			"version": "11.4.9",
			"resolved": "https://registry.npmjs.org/sweetalert2/-/sweetalert2-11.4.9.tgz",
			"integrity": "sha512-DAQGODShPfz9cwxDIUuXZuavlq1kOR2uypXa4DxG9YxlIbcCSlbm7BEnXwP/GK9+wI+whvj5iePEByq3RbIoNg==",
			"funding": {
				"type": "individual",
				"url": "https://sweetalert2.github.io/#donations"
			}
		},
		"node_modules/tooltipster": {
			"version": "4.2.8",
			"resolved": "https://registry.npmjs.org/tooltipster/-/tooltipster-4.2.8.tgz",
			"integrity": "sha512-Znmbt5UMzaiFCRlVaRtfRZYQqxrmNlj1+3xX/aT0OiA3xkQZhXYGbLJmZPigx0YiReYZpO7Lm2XKbUxXsiU/pg==",
			"peerDependencies": {
				"jquery": ">=1.11.0"
			}
		}
	},
	"dependencies": {
		"canvasjs": {
			"version": "1.8.3",
			"resolved": "https://registry.npmjs.org/canvasjs/-/canvasjs-1.8.3.tgz",
			"integrity": "sha512-60eUT0VjqRgYqdIQcOkXg0Zptfbl4HefA/O51YEf1m/P0uXvE3icI/1KPrXpY9aVxn8gG/BB8DzVoTGCcyBnYg=="
		},
		"es6-object-assign": {
			"version": "1.1.0",
			"resolved": "https://registry.npmjs.org/es6-object-assign/-/es6-object-assign-1.1.0.tgz",
			"integrity": "sha1-wsNYJlYkfDnqEHyx5mUrb58kUjw="
		},
		"featherlight": {
			"version": "1.7.14",
			"resolved": "https://registry.npmjs.org/featherlight/-/featherlight-1.7.14.tgz",
			"integrity": "sha512-4R0Vk0pTN5IPCuMABPtXJ6hgGgoK1qwbxGB4Nf06gXovw/i+r3s/f94ksZYjsW3c2oMEAS9A8exdlNaX9YSSRQ=="
		},
		"jquery": {
			"version": "3.6.0",
			"resolved": "https://registry.npmjs.org/jquery/-/jquery-3.6.0.tgz",
			"integrity": "sha512-JVzAR/AjBvVt2BmYhxRCSYysDsPcssdmTFnzyLEts9qNwmjmu4JTAMYubEfwVOSwpQ1I1sKKFcxhZCI2buerfw==",
			"peer": true
		},
		"promise-polyfill": {
			"version": "6.1.0",
			"resolved": "https://registry.npmjs.org/promise-polyfill/-/promise-polyfill-6.1.0.tgz",
			"integrity": "sha1-36lpQ+qcEh/KTem1hoyznTRy4Fc="
		},
		"slick-slider": {
			"version": "1.8.2",
			"resolved": "https://registry.npmjs.org/slick-slider/-/slick-slider-1.8.2.tgz",
			"integrity": "sha512-/NGT7QzlC1/LNu198ad+rM8xJcgSXgiptUPbY0oMmtZ/8K2G9s6mMpLo7um6FIIQ135vUjsnP2gWY5DKJe2qJw=="
		},
		"sweetalert": {
			"version": "2.1.2",
			"resolved": "https://registry.npmjs.org/sweetalert/-/sweetalert-2.1.2.tgz",
			"integrity": "sha512-iWx7X4anRBNDa/a+AdTmvAzQtkN1+s4j/JJRWlHpYE8Qimkohs8/XnFcWeYHH2lMA8LRCa5tj2d244If3S/hzA==",
			"requires": {
				"es6-object-assign": "^1.1.0",
				"promise-polyfill": "^6.0.2"
			}
		},
		"sweetalert2": {
			"version": "11.4.9",
			"resolved": "https://registry.npmjs.org/sweetalert2/-/sweetalert2-11.4.9.tgz",
			"integrity": "sha512-DAQGODShPfz9cwxDIUuXZuavlq1kOR2uypXa4DxG9YxlIbcCSlbm7BEnXwP/GK9+wI+whvj5iePEByq3RbIoNg=="
		},
		"tooltipster": {
			"version": "4.2.8",
			"resolved": "https://registry.npmjs.org/tooltipster/-/tooltipster-4.2.8.tgz",
			"integrity": "sha512-Znmbt5UMzaiFCRlVaRtfRZYQqxrmNlj1+3xX/aT0OiA3xkQZhXYGbLJmZPigx0YiReYZpO7Lm2XKbUxXsiU/pg==",
			"requires": {}
		}
	}
}
